// !$*UTF8*$!
{
	archiveVersion = 1;
	classes = {
	};
	objectVersion = 46;
	objects = {

/* Begin PBXBuildFile section */
		D7065BF01CEB706F00532CB5 /* Reveal.framework in Frameworks */ = {isa = PBXBuildFile; fileRef = D7065BEF1CEB706F00532CB5 /* Reveal.framework */; };
		D7065BF21CEB708A00532CB5 /* CFNetwork.framework in Frameworks */ = {isa = PBXBuildFile; fileRef = D7065BF11CEB708A00532CB5 /* CFNetwork.framework */; };
		D7065BF41CEB709500532CB5 /* QuartzCore.framework in Frameworks */ = {isa = PBXBuildFile; fileRef = D7065BF31CEB709500532CB5 /* QuartzCore.framework */; };
		D7065BF61CEB709D00532CB5 /* CoreGraphics.framework in Frameworks */ = {isa = PBXBuildFile; fileRef = D7065BF51CEB709D00532CB5 /* CoreGraphics.framework */; };
		D7065BFA1CEB715100532CB5 /* libz.tbd in Frameworks */ = {isa = PBXBuildFile; fileRef = D7065BF91CEB715100532CB5 /* libz.tbd */; };
		D7EE03821CE0F28000484DB2 /* main.m in Sources */ = {isa = PBXBuildFile; fileRef = D7EE03811CE0F28000484DB2 /* main.m */; };
		D7EE03851CE0F28000484DB2 /* AppDelegate.m in Sources */ = {isa = PBXBuildFile; fileRef = D7EE03841CE0F28000484DB2 /* AppDelegate.m */; };
		D7EE03881CE0F28000484DB2 /* ViewController.m in Sources */ = {isa = PBXBuildFile; fileRef = D7EE03871CE0F28000484DB2 /* ViewController.m */; };
		D7EE038B1CE0F28000484DB2 /* Main.storyboard in Resources */ = {isa = PBXBuildFile; fileRef = D7EE03891CE0F28000484DB2 /* Main.storyboard */; };
		D7EE038D1CE0F28000484DB2 /* Assets.xcassets in Resources */ = {isa = PBXBuildFile; fileRef = D7EE038C1CE0F28000484DB2 /* Assets.xcassets */; };
		D7EE03901CE0F28000484DB2 /* LaunchScreen.storyboard in Resources */ = {isa = PBXBuildFile; fileRef = D7EE038E1CE0F28000484DB2 /* LaunchScreen.storyboard */; };
		D7EE039B1CE0F28000484DB2 /* MSAlertViewTests.m in Sources */ = {isa = PBXBuildFile; fileRef = D7EE039A1CE0F28000484DB2 /* MSAlertViewTests.m */; };
		D7EE03A61CE0F28000484DB2 /* MSAlertViewUITests.m in Sources */ = {isa = PBXBuildFile; fileRef = D7EE03A51CE0F28000484DB2 /* MSAlertViewUITests.m */; };
		D7EE03B61CE0F2A900484DB2 /* MSAlertView.m in Sources */ = {isa = PBXBuildFile; fileRef = D7EE03B51CE0F2A900484DB2 /* MSAlertView.m */; };
		D7EE03BB1CE0FB6600484DB2 /* MSAlertInputField.m in Sources */ = {isa = PBXBuildFile; fileRef = D7EE03BA1CE0FB6600484DB2 /* MSAlertInputField.m */; };
		D7EE03BF1CE1043A00484DB2 /* MSAlertInputModel.m in Sources */ = {isa = PBXBuildFile; fileRef = D7EE03BE1CE1043A00484DB2 /* MSAlertInputModel.m */; };
		D7EE03C21CE104C700484DB2 /* MSAlertButtonModel.m in Sources */ = {isa = PBXBuildFile; fileRef = D7EE03C11CE104C700484DB2 /* MSAlertButtonModel.m */; };
/* End PBXBuildFile section */

/* Begin PBXContainerItemProxy section */
		D7EE03971CE0F28000484DB2 /* PBXContainerItemProxy */ = {
			isa = PBXContainerItemProxy;
			containerPortal = D7EE03751CE0F28000484DB2 /* Project object */;
			proxyType = 1;
			remoteGlobalIDString = D7EE037C1CE0F28000484DB2;
			remoteInfo = MSAlertView;
		};
		D7EE03A21CE0F28000484DB2 /* PBXContainerItemProxy */ = {
			isa = PBXContainerItemProxy;
			containerPortal = D7EE03751CE0F28000484DB2 /* Project object */;
			proxyType = 1;
			remoteGlobalIDString = D7EE037C1CE0F28000484DB2;
			remoteInfo = MSAlertView;
		};
/* End PBXContainerItemProxy section */

/* Begin PBXFileReference section */
		D7065BEF1CEB706F00532CB5 /* Reveal.framework */ = {isa = PBXFileReference; lastKnownFileType = wrapper.framework; path = Reveal.framework; sourceTree = "<group>"; };
		D7065BF11CEB708A00532CB5 /* CFNetwork.framework */ = {isa = PBXFileReference; lastKnownFileType = wrapper.framework; name = CFNetwork.framework; path = System/Library/Frameworks/CFNetwork.framework; sourceTree = SDKROOT; };
		D7065BF31CEB709500532CB5 /* QuartzCore.framework */ = {isa = PBXFileReference; lastKnownFileType = wrapper.framework; name = QuartzCore.framework; path = System/Library/Frameworks/QuartzCore.framework; sourceTree = SDKROOT; };
		D7065BF51CEB709D00532CB5 /* CoreGraphics.framework */ = {isa = PBXFileReference; lastKnownFileType = wrapper.framework; name = CoreGraphics.framework; path = System/Library/Frameworks/CoreGraphics.framework; sourceTree = SDKROOT; };
		D7065BF91CEB715100532CB5 /* libz.tbd */ = {isa = PBXFileReference; lastKnownFileType = "sourcecode.text-based-dylib-definition"; name = libz.tbd; path = usr/lib/libz.tbd; sourceTree = SDKROOT; };
		D7EE037D1CE0F28000484DB2 /* MSAlertView.app */ = {isa = PBXFileReference; explicitFileType = wrapper.application; includeInIndex = 0; path = MSAlertView.app; sourceTree = BUILT_PRODUCTS_DIR; };
		D7EE03811CE0F28000484DB2 /* main.m */ = {isa = PBXFileReference; lastKnownFileType = sourcecode.c.objc; path = main.m; sourceTree = "<group>"; };
		D7EE03831CE0F28000484DB2 /* AppDelegate.h */ = {isa = PBXFileReference; lastKnownFileType = sourcecode.c.h; path = AppDelegate.h; sourceTree = "<group>"; };
		D7EE03841CE0F28000484DB2 /* AppDelegate.m */ = {isa = PBXFileReference; lastKnownFileType = sourcecode.c.objc; path = AppDelegate.m; sourceTree = "<group>"; };
		D7EE03861CE0F28000484DB2 /* ViewController.h */ = {isa = PBXFileReference; lastKnownFileType = sourcecode.c.h; path = ViewController.h; sourceTree = "<group>"; };
		D7EE03871CE0F28000484DB2 /* ViewController.m */ = {isa = PBXFileReference; lastKnownFileType = sourcecode.c.objc; path = ViewController.m; sourceTree = "<group>"; };
		D7EE038A1CE0F28000484DB2 /* Base */ = {isa = PBXFileReference; lastKnownFileType = file.storyboard; name = Base; path = Base.lproj/Main.storyboard; sourceTree = "<group>"; };
		D7EE038C1CE0F28000484DB2 /* Assets.xcassets */ = {isa = PBXFileReference; lastKnownFileType = folder.assetcatalog; path = Assets.xcassets; sourceTree = "<group>"; };
		D7EE038F1CE0F28000484DB2 /* Base */ = {isa = PBXFileReference; lastKnownFileType = file.storyboard; name = Base; path = Base.lproj/LaunchScreen.storyboard; sourceTree = "<group>"; };
		D7EE03911CE0F28000484DB2 /* Info.plist */ = {isa = PBXFileReference; lastKnownFileType = text.plist.xml; path = Info.plist; sourceTree = "<group>"; };
		D7EE03961CE0F28000484DB2 /* MSAlertViewTests.xctest */ = {isa = PBXFileReference; explicitFileType = wrapper.cfbundle; includeInIndex = 0; path = MSAlertViewTests.xctest; sourceTree = BUILT_PRODUCTS_DIR; };
		D7EE039A1CE0F28000484DB2 /* MSAlertViewTests.m */ = {isa = PBXFileReference; lastKnownFileType = sourcecode.c.objc; path = MSAlertViewTests.m; sourceTree = "<group>"; };
		D7EE039C1CE0F28000484DB2 /* Info.plist */ = {isa = PBXFileReference; lastKnownFileType = text.plist.xml; path = Info.plist; sourceTree = "<group>"; };
		D7EE03A11CE0F28000484DB2 /* MSAlertViewUITests.xctest */ = {isa = PBXFileReference; explicitFileType = wrapper.cfbundle; includeInIndex = 0; path = MSAlertViewUITests.xctest; sourceTree = BUILT_PRODUCTS_DIR; };
		D7EE03A51CE0F28000484DB2 /* MSAlertViewUITests.m */ = {isa = PBXFileReference; lastKnownFileType = sourcecode.c.objc; path = MSAlertViewUITests.m; sourceTree = "<group>"; };
		D7EE03A71CE0F28000484DB2 /* Info.plist */ = {isa = PBXFileReference; lastKnownFileType = text.plist.xml; path = Info.plist; sourceTree = "<group>"; };
		D7EE03B41CE0F2A900484DB2 /* MSAlertView.h */ = {isa = PBXFileReference; fileEncoding = 4; lastKnownFileType = sourcecode.c.h; name = MSAlertView.h; path = MSAlertView/MSAlertView.h; sourceTree = "<group>"; };
		D7EE03B51CE0F2A900484DB2 /* MSAlertView.m */ = {isa = PBXFileReference; fileEncoding = 4; lastKnownFileType = sourcecode.c.objc; name = MSAlertView.m; path = MSAlertView/MSAlertView.m; sourceTree = "<group>"; };
		D7EE03B71CE0F2BC00484DB2 /* MSAlertViewPrefix.pch */ = {isa = PBXFileReference; lastKnownFileType = sourcecode.c.h; name = MSAlertViewPrefix.pch; path = MSAlertView/MSAlertViewPrefix.pch; sourceTree = "<group>"; };
		D7EE03B81CE0F2DD00484DB2 /* MSAlertViewHeader.h */ = {isa = PBXFileReference; lastKnownFileType = sourcecode.c.h; name = MSAlertViewHeader.h; path = MSAlertView/MSAlertViewHeader.h; sourceTree = "<group>"; };
		D7EE03B91CE0FB6600484DB2 /* MSAlertInputField.h */ = {isa = PBXFileReference; fileEncoding = 4; lastKnownFileType = sourcecode.c.h; name = MSAlertInputField.h; path = MSAlertView/MSAlertInputField.h; sourceTree = "<group>"; };
		D7EE03BA1CE0FB6600484DB2 /* MSAlertInputField.m */ = {isa = PBXFileReference; fileEncoding = 4; lastKnownFileType = sourcecode.c.objc; name = MSAlertInputField.m; path = MSAlertView/MSAlertInputField.m; sourceTree = "<group>"; };
		D7EE03BD1CE1043A00484DB2 /* MSAlertInputModel.h */ = {isa = PBXFileReference; fileEncoding = 4; lastKnownFileType = sourcecode.c.h; name = MSAlertInputModel.h; path = MSAlertView/Model/MSAlertInputModel.h; sourceTree = "<group>"; };
		D7EE03BE1CE1043A00484DB2 /* MSAlertInputModel.m */ = {isa = PBXFileReference; fileEncoding = 4; lastKnownFileType = sourcecode.c.objc; name = MSAlertInputModel.m; path = MSAlertView/Model/MSAlertInputModel.m; sourceTree = "<group>"; };
		D7EE03C01CE104C700484DB2 /* MSAlertButtonModel.h */ = {isa = PBXFileReference; fileEncoding = 4; lastKnownFileType = sourcecode.c.h; name = MSAlertButtonModel.h; path = MSAlertView/Model/MSAlertButtonModel.h; sourceTree = "<group>"; };
		D7EE03C11CE104C700484DB2 /* MSAlertButtonModel.m */ = {isa = PBXFileReference; fileEncoding = 4; lastKnownFileType = sourcecode.c.objc; name = MSAlertButtonModel.m; path = MSAlertView/Model/MSAlertButtonModel.m; sourceTree = "<group>"; };
/* End PBXFileReference section */

/* Begin PBXFrameworksBuildPhase section */
		D7EE037A1CE0F28000484DB2 /* Frameworks */ = {
			isa = PBXFrameworksBuildPhase;
			buildActionMask = 2147483647;
			files = (
				D7065BFA1CEB715100532CB5 /* libz.tbd in Frameworks */,
				D7065BF61CEB709D00532CB5 /* CoreGraphics.framework in Frameworks */,
				D7065BF41CEB709500532CB5 /* QuartzCore.framework in Frameworks */,
				D7065BF21CEB708A00532CB5 /* CFNetwork.framework in Frameworks */,
				D7065BF01CEB706F00532CB5 /* Reveal.framework in Frameworks */,
			);
			runOnlyForDeploymentPostprocessing = 0;
		};
		D7EE03931CE0F28000484DB2 /* Frameworks */ = {
			isa = PBXFrameworksBuildPhase;
			buildActionMask = 2147483647;
			files = (
			);
			runOnlyForDeploymentPostprocessing = 0;
		};
		D7EE039E1CE0F28000484DB2 /* Frameworks */ = {
			isa = PBXFrameworksBuildPhase;
			buildActionMask = 2147483647;
			files = (
			);
			runOnlyForDeploymentPostprocessing = 0;
		};
/* End PBXFrameworksBuildPhase section */

/* Begin PBXGroup section */
		D7065BEE1CEB706400532CB5 /* framework */ = {
			isa = PBXGroup;
			children = (
				D7065BF51CEB709D00532CB5 /* CoreGraphics.framework */,
				D7065BF31CEB709500532CB5 /* QuartzCore.framework */,
				D7065BF11CEB708A00532CB5 /* CFNetwork.framework */,
				D7065BEF1CEB706F00532CB5 /* Reveal.framework */,
			);
			name = framework;
			sourceTree = "<group>";
		};
		D7EE03741CE0F28000484DB2 = {
			isa = PBXGroup;
			children = (
				D7065BF91CEB715100532CB5 /* libz.tbd */,
				D7EE037F1CE0F28000484DB2 /* MSAlertView */,
				D7EE03991CE0F28000484DB2 /* MSAlertViewTests */,
				D7EE03A41CE0F28000484DB2 /* MSAlertViewUITests */,
				D7EE037E1CE0F28000484DB2 /* Products */,
			);
			sourceTree = "<group>";
		};
		D7EE037E1CE0F28000484DB2 /* Products */ = {
			isa = PBXGroup;
			children = (
				D7EE037D1CE0F28000484DB2 /* MSAlertView.app */,
				D7EE03961CE0F28000484DB2 /* MSAlertViewTests.xctest */,
				D7EE03A11CE0F28000484DB2 /* MSAlertViewUITests.xctest */,
			);
			name = Products;
			sourceTree = "<group>";
		};
		D7EE037F1CE0F28000484DB2 /* MSAlertView */ = {
			isa = PBXGroup;
			children = (
				D7065BEE1CEB706400532CB5 /* framework */,
				D7EE03B31CE0F28C00484DB2 /* MSAlertView */,
				D7EE03831CE0F28000484DB2 /* AppDelegate.h */,
				D7EE03841CE0F28000484DB2 /* AppDelegate.m */,
				D7EE03861CE0F28000484DB2 /* ViewController.h */,
				D7EE03871CE0F28000484DB2 /* ViewController.m */,
				D7EE03891CE0F28000484DB2 /* Main.storyboard */,
				D7EE038C1CE0F28000484DB2 /* Assets.xcassets */,
				D7EE038E1CE0F28000484DB2 /* LaunchScreen.storyboard */,
				D7EE03911CE0F28000484DB2 /* Info.plist */,
				D7EE03801CE0F28000484DB2 /* Supporting Files */,
			);
			path = MSAlertView;
			sourceTree = "<group>";
		};
		D7EE03801CE0F28000484DB2 /* Supporting Files */ = {
			isa = PBXGroup;
			children = (
				D7EE03811CE0F28000484DB2 /* main.m */,
			);
			name = "Supporting Files";
			sourceTree = "<group>";
		};
		D7EE03991CE0F28000484DB2 /* MSAlertViewTests */ = {
			isa = PBXGroup;
			children = (
				D7EE039A1CE0F28000484DB2 /* MSAlertViewTests.m */,
				D7EE039C1CE0F28000484DB2 /* Info.plist */,
			);
			path = MSAlertViewTests;
			sourceTree = "<group>";
		};
		D7EE03A41CE0F28000484DB2 /* MSAlertViewUITests */ = {
			isa = PBXGroup;
			children = (
				D7EE03A51CE0F28000484DB2 /* MSAlertViewUITests.m */,
				D7EE03A71CE0F28000484DB2 /* Info.plist */,
			);
			path = MSAlertViewUITests;
			sourceTree = "<group>";
		};
		D7EE03B31CE0F28C00484DB2 /* MSAlertView */ = {
			isa = PBXGroup;
			children = (
				F582767A1CEADBC500AA9524 /* View */,
				D7EE03BC1CE103EE00484DB2 /* Model */,
				D7EE03B71CE0F2BC00484DB2 /* MSAlertViewPrefix.pch */,
				D7EE03B81CE0F2DD00484DB2 /* MSAlertViewHeader.h */,
				D7EE03B41CE0F2A900484DB2 /* MSAlertView.h */,
				D7EE03B51CE0F2A900484DB2 /* MSAlertView.m */,
			);
			name = MSAlertView;
			sourceTree = "<group>";
		};
		D7EE03BC1CE103EE00484DB2 /* Model */ = {
			isa = PBXGroup;
			children = (
				D7EE03BD1CE1043A00484DB2 /* MSAlertInputModel.h */,
				D7EE03BE1CE1043A00484DB2 /* MSAlertInputModel.m */,
				D7EE03C01CE104C700484DB2 /* MSAlertButtonModel.h */,
				D7EE03C11CE104C700484DB2 /* MSAlertButtonModel.m */,
			);
			name = Model;
			sourceTree = "<group>";
		};
		F582767A1CEADBC500AA9524 /* View */ = {
			isa = PBXGroup;
			children = (
				D7EE03B91CE0FB6600484DB2 /* MSAlertInputField.h */,
				D7EE03BA1CE0FB6600484DB2 /* MSAlertInputField.m */,
			);
			name = View;
			sourceTree = "<group>";
		};
/* End PBXGroup section */

/* Begin PBXNativeTarget section */
		D7EE037C1CE0F28000484DB2 /* MSAlertView */ = {
			isa = PBXNativeTarget;
			buildConfigurationList = D7EE03AA1CE0F28000484DB2 /* Build configuration list for PBXNativeTarget "MSAlertView" */;
			buildPhases = (
				D7EE03791CE0F28000484DB2 /* Sources */,
				D7EE037A1CE0F28000484DB2 /* Frameworks */,
				D7EE037B1CE0F28000484DB2 /* Resources */,
			);
			buildRules = (
			);
			dependencies = (
			);
			name = MSAlertView;
			productName = MSAlertView;
			productReference = D7EE037D1CE0F28000484DB2 /* MSAlertView.app */;
			productType = "com.apple.product-type.application";
		};
		D7EE03951CE0F28000484DB2 /* MSAlertViewTests */ = {
			isa = PBXNativeTarget;
			buildConfigurationList = D7EE03AD1CE0F28000484DB2 /* Build configuration list for PBXNativeTarget "MSAlertViewTests" */;
			buildPhases = (
				D7EE03921CE0F28000484DB2 /* Sources */,
				D7EE03931CE0F28000484DB2 /* Frameworks */,
				D7EE03941CE0F28000484DB2 /* Resources */,
			);
			buildRules = (
			);
			dependencies = (
				D7EE03981CE0F28000484DB2 /* PBXTargetDependency */,
			);
			name = MSAlertViewTests;
			productName = MSAlertViewTests;
			productReference = D7EE03961CE0F28000484DB2 /* MSAlertViewTests.xctest */;
			productType = "com.apple.product-type.bundle.unit-test";
		};
		D7EE03A01CE0F28000484DB2 /* MSAlertViewUITests */ = {
			isa = PBXNativeTarget;
			buildConfigurationList = D7EE03B01CE0F28000484DB2 /* Build configuration list for PBXNativeTarget "MSAlertViewUITests" */;
			buildPhases = (
				D7EE039D1CE0F28000484DB2 /* Sources */,
				D7EE039E1CE0F28000484DB2 /* Frameworks */,
				D7EE039F1CE0F28000484DB2 /* Resources */,
			);
			buildRules = (
			);
			dependencies = (
				D7EE03A31CE0F28000484DB2 /* PBXTargetDependency */,
			);
			name = MSAlertViewUITests;
			productName = MSAlertViewUITests;
			productReference = D7EE03A11CE0F28000484DB2 /* MSAlertViewUITests.xctest */;
			productType = "com.apple.product-type.bundle.ui-testing";
		};
/* End PBXNativeTarget section */

/* Begin PBXProject section */
		D7EE03751CE0F28000484DB2 /* Project object */ = {
			isa = PBXProject;
			attributes = {
				LastUpgradeCheck = 0730;
				ORGANIZATIONNAME = mesird;
				TargetAttributes = {
					D7EE037C1CE0F28000484DB2 = {
						CreatedOnToolsVersion = 7.3;
					};
					D7EE03951CE0F28000484DB2 = {
						CreatedOnToolsVersion = 7.3;
						TestTargetID = D7EE037C1CE0F28000484DB2;
					};
					D7EE03A01CE0F28000484DB2 = {
						CreatedOnToolsVersion = 7.3;
						TestTargetID = D7EE037C1CE0F28000484DB2;
					};
				};
			};
			buildConfigurationList = D7EE03781CE0F28000484DB2 /* Build configuration list for PBXProject "MSAlertView" */;
			compatibilityVersion = "Xcode 3.2";
			developmentRegion = English;
			hasScannedForEncodings = 0;
			knownRegions = (
				en,
				Base,
			);
			mainGroup = D7EE03741CE0F28000484DB2;
			productRefGroup = D7EE037E1CE0F28000484DB2 /* Products */;
			projectDirPath = "";
			projectRoot = "";
			targets = (
				D7EE037C1CE0F28000484DB2 /* MSAlertView */,
				D7EE03951CE0F28000484DB2 /* MSAlertViewTests */,
				D7EE03A01CE0F28000484DB2 /* MSAlertViewUITests */,
			);
		};
/* End PBXProject section */

/* Begin PBXResourcesBuildPhase section */
		D7EE037B1CE0F28000484DB2 /* Resources */ = {
			isa = PBXResourcesBuildPhase;
			buildActionMask = 2147483647;
			files = (
				D7EE03901CE0F28000484DB2 /* LaunchScreen.storyboard in Resources */,
				D7EE038D1CE0F28000484DB2 /* Assets.xcassets in Resources */,
				D7EE038B1CE0F28000484DB2 /* Main.storyboard in Resources */,
			);
			runOnlyForDeploymentPostprocessing = 0;
		};
		D7EE03941CE0F28000484DB2 /* Resources */ = {
			isa = PBXResourcesBuildPhase;
			buildActionMask = 2147483647;
			files = (
			);
			runOnlyForDeploymentPostprocessing = 0;
		};
		D7EE039F1CE0F28000484DB2 /* Resources */ = {
			isa = PBXResourcesBuildPhase;
			buildActionMask = 2147483647;
			files = (
			);
			runOnlyForDeploymentPostprocessing = 0;
		};
/* End PBXResourcesBuildPhase section */

/* Begin PBXSourcesBuildPhase section */
		D7EE03791CE0F28000484DB2 /* Sources */ = {
			isa = PBXSourcesBuildPhase;
			buildActionMask = 2147483647;
			files = (
				D7EE03C21CE104C700484DB2 /* MSAlertButtonModel.m in Sources */,
				D7EE03881CE0F28000484DB2 /* ViewController.m in Sources */,
				D7EE03BB1CE0FB6600484DB2 /* MSAlertInputField.m in Sources */,
				D7EE03851CE0F28000484DB2 /* AppDelegate.m in Sources */,
				D7EE03821CE0F28000484DB2 /* main.m in Sources */,
				D7EE03B61CE0F2A900484DB2 /* MSAlertView.m in Sources */,
				D7EE03BF1CE1043A00484DB2 /* MSAlertInputModel.m in Sources */,
			);
			runOnlyForDeploymentPostprocessing = 0;
		};
		D7EE03921CE0F28000484DB2 /* Sources */ = {
			isa = PBXSourcesBuildPhase;
			buildActionMask = 2147483647;
			files = (
				D7EE039B1CE0F28000484DB2 /* MSAlertViewTests.m in Sources */,
			);
			runOnlyForDeploymentPostprocessing = 0;
		};
		D7EE039D1CE0F28000484DB2 /* Sources */ = {
			isa = PBXSourcesBuildPhase;
			buildActionMask = 2147483647;
			files = (
				D7EE03A61CE0F28000484DB2 /* MSAlertViewUITests.m in Sources */,
			);
			runOnlyForDeploymentPostprocessing = 0;
		};
/* End PBXSourcesBuildPhase section */

/* Begin PBXTargetDependency section */
		D7EE03981CE0F28000484DB2 /* PBXTargetDependency */ = {
			isa = PBXTargetDependency;
			target = D7EE037C1CE0F28000484DB2 /* MSAlertView */;
			targetProxy = D7EE03971CE0F28000484DB2 /* PBXContainerItemProxy */;
		};
		D7EE03A31CE0F28000484DB2 /* PBXTargetDependency */ = {
			isa = PBXTargetDependency;
			target = D7EE037C1CE0F28000484DB2 /* MSAlertView */;
			targetProxy = D7EE03A21CE0F28000484DB2 /* PBXContainerItemProxy */;
		};
/* End PBXTargetDependency section */

/* Begin PBXVariantGroup section */
		D7EE03891CE0F28000484DB2 /* Main.storyboard */ = {
			isa = PBXVariantGroup;
			children = (
				D7EE038A1CE0F28000484DB2 /* Base */,
			);
			name = Main.storyboard;
			sourceTree = "<group>";
		};
		D7EE038E1CE0F28000484DB2 /* LaunchScreen.storyboard */ = {
			isa = PBXVariantGroup;
			children = (
				D7EE038F1CE0F28000484DB2 /* Base */,
			);
			name = LaunchScreen.storyboard;
			sourceTree = "<group>";
		};
/* End PBXVariantGroup section */

/* Begin XCBuildConfiguration section */
		D7EE03A81CE0F28000484DB2 /* Debug */ = {
			isa = XCBuildConfiguration;
			buildSettings = {
				ALWAYS_SEARCH_USER_PATHS = NO;
				CLANG_ANALYZER_NONNULL = YES;
				CLANG_CXX_LANGUAGE_STANDARD = "gnu++0x";
				CLANG_CXX_LIBRARY = "libc++";
				CLANG_ENABLE_MODULES = YES;
				CLANG_ENABLE_OBJC_ARC = YES;
				CLANG_WARN_BOOL_CONVERSION = YES;
				CLANG_WARN_CONSTANT_CONVERSION = YES;
				CLANG_WARN_DIRECT_OBJC_ISA_USAGE = YES_ERROR;
				CLANG_WARN_EMPTY_BODY = YES;
				CLANG_WARN_ENUM_CONVERSION = YES;
				CLANG_WARN_INT_CONVERSION = YES;
				CLANG_WARN_OBJC_ROOT_CLASS = YES_ERROR;
				CLANG_WARN_UNREACHABLE_CODE = YES;
				CLANG_WARN__DUPLICATE_METHOD_MATCH = YES;
				"CODE_SIGN_IDENTITY[sdk=iphoneos*]" = "iPhone Developer";
				COPY_PHASE_STRIP = NO;
				DEBUG_INFORMATION_FORMAT = dwarf;
				ENABLE_STRICT_OBJC_MSGSEND = YES;
				ENABLE_TESTABILITY = YES;
				GCC_C_LANGUAGE_STANDARD = gnu99;
				GCC_DYNAMIC_NO_PIC = NO;
				GCC_NO_COMMON_BLOCKS = YES;
				GCC_OPTIMIZATION_LEVEL = 0;
				GCC_PREPROCESSOR_DEFINITIONS = (
					"DEBUG=1",
					"$(inherited)",
				);
				GCC_WARN_64_TO_32_BIT_CONVERSION = YES;
				GCC_WARN_ABOUT_RETURN_TYPE = YES_ERROR;
				GCC_WARN_UNDECLARED_SELECTOR = YES;
				GCC_WARN_UNINITIALIZED_AUTOS = YES_AGGRESSIVE;
				GCC_WARN_UNUSED_FUNCTION = YES;
				GCC_WARN_UNUSED_VARIABLE = YES;
				IPHONEOS_DEPLOYMENT_TARGET = 9.3;
				MTL_ENABLE_DEBUG_INFO = YES;
				ONLY_ACTIVE_ARCH = YES;
				SDKROOT = iphoneos;
			};
			name = Debug;
		};
		D7EE03A91CE0F28000484DB2 /* Release */ = {
			isa = XCBuildConfiguration;
			buildSettings = {
				ALWAYS_SEARCH_USER_PATHS = NO;
				CLANG_ANALYZER_NONNULL = YES;
				CLANG_CXX_LANGUAGE_STANDARD = "gnu++0x";
				CLANG_CXX_LIBRARY = "libc++";
				CLANG_ENABLE_MODULES = YES;
				CLANG_ENABLE_OBJC_ARC = YES;
				CLANG_WARN_BOOL_CONVERSION = YES;
				CLANG_WARN_CONSTANT_CONVERSION = YES;
				CLANG_WARN_DIRECT_OBJC_ISA_USAGE = YES_ERROR;
				CLANG_WARN_EMPTY_BODY = YES;
				CLANG_WARN_ENUM_CONVERSION = YES;
				CLANG_WARN_INT_CONVERSION = YES;
				CLANG_WARN_OBJC_ROOT_CLASS = YES_ERROR;
				CLANG_WARN_UNREACHABLE_CODE = YES;
				CLANG_WARN__DUPLICATE_METHOD_MATCH = YES;
				"CODE_SIGN_IDENTITY[sdk=iphoneos*]" = "iPhone Developer";
				COPY_PHASE_STRIP = NO;
				DEBUG_INFORMATION_FORMAT = "dwarf-with-dsym";
				ENABLE_NS_ASSERTIONS = NO;
				ENABLE_STRICT_OBJC_MSGSEND = YES;
				GCC_C_LANGUAGE_STANDARD = gnu99;
				GCC_NO_COMMON_BLOCKS = YES;
				GCC_WARN_64_TO_32_BIT_CONVERSION = YES;
				GCC_WARN_ABOUT_RETURN_TYPE = YES_ERROR;
				GCC_WARN_UNDECLARED_SELECTOR = YES;
				GCC_WARN_UNINITIALIZED_AUTOS = YES_AGGRESSIVE;
				GCC_WARN_UNUSED_FUNCTION = YES;
				GCC_WARN_UNUSED_VARIABLE = YES;
				IPHONEOS_DEPLOYMENT_TARGET = 9.3;
				MTL_ENABLE_DEBUG_INFO = NO;
				SDKROOT = iphoneos;
				VALIDATE_PRODUCT = YES;
			};
			name = Release;
		};
		D7EE03AB1CE0F28000484DB2 /* Debug */ = {
			isa = XCBuildConfiguration;
			buildSettings = {
				ASSETCATALOG_COMPILER_APPICON_NAME = AppIcon;
				FRAMEWORK_SEARCH_PATHS = (
					"$(inherited)",
					"$(PROJECT_DIR)/MSAlertView",
				);
				GCC_PRECOMPILE_PREFIX_HEADER = YES;
				GCC_PREFIX_HEADER = "$(SRCROOT)/MSAlertView/MSAlertView/MSAlertViewPrefix.pch";
				INFOPLIST_FILE = MSAlertView/Info.plist;
				LD_RUNPATH_SEARCH_PATHS = "$(inherited) @executable_path/Frameworks";
				OTHER_LDFLAGS = "-ObjC";
				PRODUCT_BUNDLE_IDENTIFIER = com.mesird.MSAlertView;
				PRODUCT_NAME = "$(TARGET_NAME)";
			};
			name = Debug;
		};
		D7EE03AC1CE0F28000484DB2 /* Release */ = {
			isa = XCBuildConfiguration;
			buildSettings = {
				ASSETCATALOG_COMPILER_APPICON_NAME = AppIcon;
				FRAMEWORK_SEARCH_PATHS = (
					"$(inherited)",
					"$(PROJECT_DIR)/MSAlertView",
				);
				GCC_PRECOMPILE_PREFIX_HEADER = YES;
				GCC_PREFIX_HEADER = "$(SRCROOT)/MSAlertView/MSAlertView/MSAlertViewPrefix.pch";
				INFOPLIST_FILE = MSAlertView/Info.plist;
				LD_RUNPATH_SEARCH_PATHS = "$(inherited) @executable_path/Frameworks";
				OTHER_LDFLAGS = "-ObjC";
				PRODUCT_BUNDLE_IDENTIFIER = com.mesird.MSAlertView;
				PRODUCT_NAME = "$(TARGET_NAME)";
			};
			name = Release;
		};
		D7EE03AE1CE0F28000484DB2 /* Debug */ = {
			isa = XCBuildConfiguration;
			buildSettings = {
				BUNDLE_LOADER = "$(TEST_HOST)";
				INFOPLIST_FILE = MSAlertViewTests/Info.plist;
				LD_RUNPATH_SEARCH_PATHS = "$(inherited) @executable_path/Frameworks @loader_path/Frameworks";
				PRODUCT_BUNDLE_IDENTIFIER = com.mesird.MSAlertViewTests;
				PRODUCT_NAME = "$(TARGET_NAME)";
				TEST_HOST = "$(BUILT_PRODUCTS_DIR)/MSAlertView.app/MSAlertView";
			};
			name = Debug;
		};
		D7EE03AF1CE0F28000484DB2 /* Release */ = {
			isa = XCBuildConfiguration;
			buildSettings = {
				BUNDLE_LOADER = "$(TEST_HOST)";
				INFOPLIST_FILE = MSAlertViewTests/Info.plist;
				LD_RUNPATH_SEARCH_PATHS = "$(inherited) @executable_path/Frameworks @loader_path/Frameworks";
				PRODUCT_BUNDLE_IDENTIFIER = com.mesird.MSAlertViewTests;
				PRODUCT_NAME = "$(TARGET_NAME)";
				TEST_HOST = "$(BUILT_PRODUCTS_DIR)/MSAlertView.app/MSAlertView";
			};
			name = Release;
		};
		D7EE03B11CE0F28000484DB2 /* Debug */ = {
			isa = XCBuildConfiguration;
			buildSettings = {
				INFOPLIST_FILE = MSAlertViewUITests/Info.plist;
				LD_RUNPATH_SEARCH_PATHS = "$(inherited) @executable_path/Frameworks @loader_path/Frameworks";
				PRODUCT_BUNDLE_IDENTIFIER = com.mesird.MSAlertViewUITests;
				PRODUCT_NAME = "$(TARGET_NAME)";
				TEST_TARGET_NAME = MSAlertView;
			};
			name = Debug;
		};
		D7EE03B21CE0F28000484DB2 /* Release */ = {
			isa = XCBuildConfiguration;
			buildSettings = {
				INFOPLIST_FILE = MSAlertViewUITests/Info.plist;
				LD_RUNPATH_SEARCH_PATHS = "$(inherited) @executable_path/Frameworks @loader_path/Frameworks";
				PRODUCT_BUNDLE_IDENTIFIER = com.mesird.MSAlertViewUITests;
				PRODUCT_NAME = "$(TARGET_NAME)";
				TEST_TARGET_NAME = MSAlertView;
			};
			name = Release;
		};
/* End XCBuildConfiguration section */

/* Begin XCConfigurationList section */
		D7EE03781CE0F28000484DB2 /* Build configuration list for PBXProject "MSAlertView" */ = {
			isa = XCConfigurationList;
			buildConfigurations = (
				D7EE03A81CE0F28000484DB2 /* Debug */,
				D7EE03A91CE0F28000484DB2 /* Release */,
			);
			defaultConfigurationIsVisible = 0;
			defaultConfigurationName = Release;
		};
		D7EE03AA1CE0F28000484DB2 /* Build configuration list for PBXNativeTarget "MSAlertView" */ = {
			isa = XCConfigurationList;
			buildConfigurations = (
				D7EE03AB1CE0F28000484DB2 /* Debug */,
				D7EE03AC1CE0F28000484DB2 /* Release */,
			);
			defaultConfigurationIsVisible = 0;
			defaultConfigurationName = Release;
		};
		D7EE03AD1CE0F28000484DB2 /* Build configuration list for PBXNativeTarget "MSAlertViewTests" */ = {
			isa = XCConfigurationList;
			buildConfigurations = (
				D7EE03AE1CE0F28000484DB2 /* Debug */,
				D7EE03AF1CE0F28000484DB2 /* Release */,
			);
			defaultConfigurationIsVisible = 0;
			defaultConfigurationName = Release;
		};
		D7EE03B01CE0F28000484DB2 /* Build configuration list for PBXNativeTarget "MSAlertViewUITests" */ = {
			isa = XCConfigurationList;
			buildConfigurations = (
				D7EE03B11CE0F28000484DB2 /* Debug */,
				D7EE03B21CE0F28000484DB2 /* Release */,
			);
			defaultConfigurationIsVisible = 0;
			defaultConfigurationName = Release;
		};
/* End XCConfigurationList section */
	};
	rootObject = D7EE03751CE0F28000484DB2 /* Project object */;
}
